<?xml version="1.0" encoding="utf-8"?>
<Project ToolsVersion="4.0" xmlns="http://schemas.microsoft.com/developer/msbuild/2003">
  <ItemGroup>
    <Filter Include="Source Files">
      <UniqueIdentifier>{c0e2a931-69cd-4488-9d37-397e84cf7fc6}</UniqueIdentifier>
      <Extensions>cpp;c;cxx;rc;def;r;odl;idl;hpj;bat</Extensions>
    </Filter>
    <Filter Include="Header Files">
      <UniqueIdentifier>{ef3e76aa-9410-4579-adca-4b04bdef3b35}</UniqueIdentifier>
      <Extensions>h;hpp;hxx;hm;inl</Extensions>
    </Filter>
    <Filter Include="Resource Files">
      <UniqueIdentifier>{037647eb-0b34-40cf-b6c6-aab41fe4628d}</UniqueIdentifier>
      <Extensions>ico;cur;bmp;dlg;rc2;rct;bin;rgs;gif;jpg;jpeg;jpe</Extensions>
    </Filter>
  </ItemGroup>
  <ItemGroup>
    <ClCompile Include="3DSLoader.cpp">
      <Filter>Source Files</Filter>
    </ClCompile>
    <ClCompile Include="3DSLoaderDoc.cpp">
      <Filter>Source Files</Filter>
    </ClCompile>
    <ClCompile Include="3DSLoaderView.cpp">
      <Filter>Source Files</Filter>
    </ClCompile>
    <ClCompile Include="3dsReader.cpp">
      <Filter>Source Files</Filter>
    </ClCompile>
    <ClCompile Include="MainFrm.cpp">
      <Filter>Source Files</Filter>
    </ClCompile>
    <ClCompile Include="StdAfx.cpp">
      <Filter>Source Files</Filter>
    </ClCompile>
    <ClCompile Include="TriList.cpp">
      <Filter>Source Files</Filter>
    </ClCompile>
    <ClCompile Include="TriObject.cpp">
      <Filter>Source Files</Filter>
    </ClCompile>
  </ItemGroup>
  <ItemGroup>
    <ResourceCompile Include="3DSLoader.rc">
      <Filter>Source Files</Filter>
    </ResourceCompile>
  </ItemGroup>
  <ItemGroup>
    <ClInclude Include="3DSLoader.h">
      <Filter>Header Files</Filter>
    </ClInclude>
    <ClInclude Include="3DSLoaderDoc.h">
      <Filter>Header Files</Filter>
    </ClInclude>
    <ClInclude Include="3DSLoaderView.h">
      <Filter>Header Files</Filter>
    </ClInclude>
    <ClInclude Include="3dsReader.h">
      <Filter>Header Files</Filter>
    </ClInclude>
    <ClInclude Include="basicRead.h">
      <Filter>Header Files</Filter>
    </ClInclude>
    <ClInclude Include="glStructures.h">
      <Filter>Header Files</Filter>
    </ClInclude>
    <ClInclude Include="MainFrm.h">
      <Filter>Header Files</Filter>
    </ClInclude>
    <ClInclude Include="Resource.h">
      <Filter>Header Files</Filter>
    </ClInclude>
    <ClInclude Include="StdAfx.h">
      <Filter>Header Files</Filter>
    </ClInclude>
    <ClInclude Include="TriList.h">
      <Filter>Header Files</Filter>
    </ClInclude>
    <ClInclude Include="TriObject.h">
      <Filter>Header Files</Filter>
    </ClInclude>
  </ItemGroup>
  <ItemGroup>
    <Image Include="res\3DSLoader.ico">
      <Filter>Resource Files</Filter>
    </Image>
    <Image Include="res\3DSLoaderDoc.ico">
      <Filter>Resource Files</Filter>
    </Image>
    <Image Include="res\Toolbar.bmp">
      <Filter>Resource Files</Filter>
    </Image>
  </ItemGroup>
  <ItemGroup>
    <Text Include="ReadMe.txt" />
  </ItemGroup>
  <ItemGroup>
    <CustomBuild Include="res\3DSLoader.rc2">
      <Filter>Resource Files</Filter>
    </CustomBuild>
  </ItemGroup>
</Project>